
Microsoft Visual Studio Solution File, Format Version 12.00
# Visual Studio Version 16
VisualStudioVersion = 16.0.33927.289
MinimumVisualStudioVersion = 10.0.40219.1
Project("{2150E333-8FDC-42A3-9474-1A3956D46DE8}") = "Task0", "Task0", "{C078FE3A-038C-4678-9092-A075FB179AFC}"
EndProject
Project("{FAE04EC0-301F-11D3-BF4B-00C04F79EFBC}") = "Tyuiu.UleevRI.Sprint5.Task0.V2", "Tyuiu.UleevRI.Sprint5.Task0.V2\Tyuiu.UleevRI.Sprint5.Task0.V2.csproj", "{90BA095E-8CE6-41C1-8F97-7C71C46A4457}"
EndProject
Project("{FAE04EC0-301F-11D3-BF4B-00C04F79EFBC}") = "Tyuiu.UleevRI.Sprint5.Task0.V2.Lib", "Tyuiu.UleevRI.Sprint5.Task0.V2.Lib\Tyuiu.UleevRI.Sprint5.Task0.V2.Lib.csproj", "{85109050-DB70-4565-B1C5-06407B718BED}"
EndProject
Project("{FAE04EC0-301F-11D3-BF4B-00C04F79EFBC}") = "Tyuiu.UleevRI.Sprint5.Task0.V2.Test", "Tyuiu.UleevRI.Sprint5.Task0.V2.Test\Tyuiu.UleevRI.Sprint5.Task0.V2.Test.csproj", "{774579D5-2632-4995-87FC-E11909F41D60}"
EndProject
Project("{2150E333-8FDC-42A3-9474-1A3956D46DE8}") = "Task1", "Task1", "{5E5606E8-D708-4517-94AB-C67E8FC393D3}"
EndProject
Project("{FAE04EC0-301F-11D3-BF4B-00C04F79EFBC}") = "Tyuiu.UleevRI.Sprint5.Task1.V13", "Tyuiu.UleevRI.Sprint5.Task1.V13\Tyuiu.UleevRI.Sprint5.Task1.V13.csproj", "{E8E368A9-0464-4339-B253-3CEC80FB6E50}"
EndProject
Project("{FAE04EC0-301F-11D3-BF4B-00C04F79EFBC}") = "Tyuiu.UleevRI.Sprint5.Task1.V13.Lib", "Tyuiu.UleevRI.Sprint5.Task1.V13.Lib\Tyuiu.UleevRI.Sprint5.Task1.V13.Lib.csproj", "{2CFCC693-4586-4A43-87B8-D1AB7FD6A7C1}"
EndProject
Project("{FAE04EC0-301F-11D3-BF4B-00C04F79EFBC}") = "Tyuiu.UleevRI.Sprint5.Task1.V13.Test", "Tyuiu.UleevRI.Sprint5.Task1.V13.Test\Tyuiu.UleevRI.Sprint5.Task1.V13.Test.csproj", "{E749CC59-F19C-43B0-AEA8-9667F3F5460B}"
EndProject
Project("{2150E333-8FDC-42A3-9474-1A3956D46DE8}") = "Task2", "Task2", "{0F2B6D5E-D1B5-430C-9ECE-7F84E0145EE0}"
EndProject
Project("{FAE04EC0-301F-11D3-BF4B-00C04F79EFBC}") = "Tyuiu.UleevRI.Sprint5.Task2.V20", "Tyuiu.UleevRI.Sprint5.Task2.V20\Tyuiu.UleevRI.Sprint5.Task2.V20.csproj", "{74CD01DE-AD79-4E68-AA61-CE00C3D6EA8C}"
EndProject
Project("{FAE04EC0-301F-11D3-BF4B-00C04F79EFBC}") = "Tyuiu.UleevRI.Sprint5.Task2.V20.Lib", "Tyuiu.UleevRI.Sprint5.Task2.V20.Lib\Tyuiu.UleevRI.Sprint5.Task2.V20.Lib.csproj", "{9B6E4E64-5AF0-4F60-B54E-C6380C195759}"
EndProject
Project("{FAE04EC0-301F-11D3-BF4B-00C04F79EFBC}") = "Tyuiu.UleevRI.Sprint5.Task2.V20.Test", "Tyuiu.UleevRI.Sprint5.Task2.V20.Test\Tyuiu.UleevRI.Sprint5.Task2.V20.Test.csproj", "{0ADFE841-A7CD-4205-BC8F-3878121347E7}"
EndProject
Project("{2150E333-8FDC-42A3-9474-1A3956D46DE8}") = "Task3", "Task3", "{F15BFEEF-4EEE-4017-AD07-499535FC6C56}"
EndProject
Project("{FAE04EC0-301F-11D3-BF4B-00C04F79EFBC}") = "Tyuiu.UleevRI.Sprint5.Task3.V30", "Tyuiu.UleevRI.Sprint5.Task3.V30\Tyuiu.UleevRI.Sprint5.Task3.V30.csproj", "{ABB6A43C-19CA-415C-A2F2-B0F988CBCCB4}"
EndProject
Project("{FAE04EC0-301F-11D3-BF4B-00C04F79EFBC}") = "Tyuiu.UleevRI.Sprint5.Task3.V30.Lib", "Tyuiu.UleevRI.Sprint5.Task3.V30.Lib\Tyuiu.UleevRI.Sprint5.Task3.V30.Lib.csproj", "{86FBAF19-1F3E-4767-976F-737671A7A189}"
EndProject
Project("{FAE04EC0-301F-11D3-BF4B-00C04F79EFBC}") = "Tyuiu.UleevRI.Sprint5.Task3.V30.Test", "Tyuiu.UleevRI.Sprint5.Task3.V30.Test\Tyuiu.UleevRI.Sprint5.Task3.V30.Test.csproj", "{A486F9D8-1D08-4A45-9DE5-A92FA43B61B5}"
EndProject
Project("{2150E333-8FDC-42A3-9474-1A3956D46DE8}") = "Task4", "Task4", "{4557BE47-E1A7-4E36-A516-E9B42CA42085}"
EndProject
Project("{FAE04EC0-301F-11D3-BF4B-00C04F79EFBC}") = "Tyuiu.UleevRI.Sprint5.Task4.V28", "Tyuiu.UleevRI.Sprint5.Task4.V28\Tyuiu.UleevRI.Sprint5.Task4.V28.csproj", "{9732492B-A478-4EDF-901A-0153143BA312}"
EndProject
Project("{FAE04EC0-301F-11D3-BF4B-00C04F79EFBC}") = "Tyuiu.UleevRI.Sprint5.Task4.V28.Lib", "Tyuiu.UleevRI.Sprint5.Task4.V28.Lib\Tyuiu.UleevRI.Sprint5.Task4.V28.Lib.csproj", "{813EAD63-86F6-460C-AF9A-4DE8B58B663E}"
EndProject
Project("{FAE04EC0-301F-11D3-BF4B-00C04F79EFBC}") = "Tyuiu.UleevRI.Sprint5.Task4.V28.Test", "Tyuiu.UleevRI.Sprint5.Task4.V28.Test\Tyuiu.UleevRI.Sprint5.Task4.V28.Test.csproj", "{40EFCA5C-1718-4170-8B69-FECF3ABA06B9}"
EndProject
Global
	GlobalSection(SolutionConfigurationPlatforms) = preSolution
		Debug|Any CPU = Debug|Any CPU
		Release|Any CPU = Release|Any CPU
	EndGlobalSection
	GlobalSection(ProjectConfigurationPlatforms) = postSolution
		{90BA095E-8CE6-41C1-8F97-7C71C46A4457}.Debug|Any CPU.ActiveCfg = Debug|Any CPU
		{90BA095E-8CE6-41C1-8F97-7C71C46A4457}.Debug|Any CPU.Build.0 = Debug|Any CPU
		{90BA095E-8CE6-41C1-8F97-7C71C46A4457}.Release|Any CPU.ActiveCfg = Release|Any CPU
		{90BA095E-8CE6-41C1-8F97-7C71C46A4457}.Release|Any CPU.Build.0 = Release|Any CPU
		{85109050-DB70-4565-B1C5-06407B718BED}.Debug|Any CPU.ActiveCfg = Debug|Any CPU
		{85109050-DB70-4565-B1C5-06407B718BED}.Debug|Any CPU.Build.0 = Debug|Any CPU
		{85109050-DB70-4565-B1C5-06407B718BED}.Release|Any CPU.ActiveCfg = Release|Any CPU
		{85109050-DB70-4565-B1C5-06407B718BED}.Release|Any CPU.Build.0 = Release|Any CPU
		{774579D5-2632-4995-87FC-E11909F41D60}.Debug|Any CPU.ActiveCfg = Debug|Any CPU
		{774579D5-2632-4995-87FC-E11909F41D60}.Debug|Any CPU.Build.0 = Debug|Any CPU
		{774579D5-2632-4995-87FC-E11909F41D60}.Release|Any CPU.ActiveCfg = Release|Any CPU
		{774579D5-2632-4995-87FC-E11909F41D60}.Release|Any CPU.Build.0 = Release|Any CPU
		{E8E368A9-0464-4339-B253-3CEC80FB6E50}.Debug|Any CPU.ActiveCfg = Debug|Any CPU
		{E8E368A9-0464-4339-B253-3CEC80FB6E50}.Debug|Any CPU.Build.0 = Debug|Any CPU
		{E8E368A9-0464-4339-B253-3CEC80FB6E50}.Release|Any CPU.ActiveCfg = Release|Any CPU
		{E8E368A9-0464-4339-B253-3CEC80FB6E50}.Release|Any CPU.Build.0 = Release|Any CPU
		{2CFCC693-4586-4A43-87B8-D1AB7FD6A7C1}.Debug|Any CPU.ActiveCfg = Debug|Any CPU
		{2CFCC693-4586-4A43-87B8-D1AB7FD6A7C1}.Debug|Any CPU.Build.0 = Debug|Any CPU
		{2CFCC693-4586-4A43-87B8-D1AB7FD6A7C1}.Release|Any CPU.ActiveCfg = Release|Any CPU
		{2CFCC693-4586-4A43-87B8-D1AB7FD6A7C1}.Release|Any CPU.Build.0 = Release|Any CPU
		{E749CC59-F19C-43B0-AEA8-9667F3F5460B}.Debug|Any CPU.ActiveCfg = Debug|Any CPU
		{E749CC59-F19C-43B0-AEA8-9667F3F5460B}.Debug|Any CPU.Build.0 = Debug|Any CPU
		{E749CC59-F19C-43B0-AEA8-9667F3F5460B}.Release|Any CPU.ActiveCfg = Release|Any CPU
		{E749CC59-F19C-43B0-AEA8-9667F3F5460B}.Release|Any CPU.Build.0 = Release|Any CPU
		{74CD01DE-AD79-4E68-AA61-CE00C3D6EA8C}.Debug|Any CPU.ActiveCfg = Debug|Any CPU
		{74CD01DE-AD79-4E68-AA61-CE00C3D6EA8C}.Debug|Any CPU.Build.0 = Debug|Any CPU
		{74CD01DE-AD79-4E68-AA61-CE00C3D6EA8C}.Release|Any CPU.ActiveCfg = Release|Any CPU
		{74CD01DE-AD79-4E68-AA61-CE00C3D6EA8C}.Release|Any CPU.Build.0 = Release|Any CPU
		{9B6E4E64-5AF0-4F60-B54E-C6380C195759}.Debug|Any CPU.ActiveCfg = Debug|Any CPU
		{9B6E4E64-5AF0-4F60-B54E-C6380C195759}.Debug|Any CPU.Build.0 = Debug|Any CPU
		{9B6E4E64-5AF0-4F60-B54E-C6380C195759}.Release|Any CPU.ActiveCfg = Release|Any CPU
		{9B6E4E64-5AF0-4F60-B54E-C6380C195759}.Release|Any CPU.Build.0 = Release|Any CPU
		{0ADFE841-A7CD-4205-BC8F-3878121347E7}.Debug|Any CPU.ActiveCfg = Debug|Any CPU
		{0ADFE841-A7CD-4205-BC8F-3878121347E7}.Debug|Any CPU.Build.0 = Debug|Any CPU
		{0ADFE841-A7CD-4205-BC8F-3878121347E7}.Release|Any CPU.ActiveCfg = Release|Any CPU
		{0ADFE841-A7CD-4205-BC8F-3878121347E7}.Release|Any CPU.Build.0 = Release|Any CPU
		{ABB6A43C-19CA-415C-A2F2-B0F988CBCCB4}.Debug|Any CPU.ActiveCfg = Debug|Any CPU
		{ABB6A43C-19CA-415C-A2F2-B0F988CBCCB4}.Debug|Any CPU.Build.0 = Debug|Any CPU
		{ABB6A43C-19CA-415C-A2F2-B0F988CBCCB4}.Release|Any CPU.ActiveCfg = Release|Any CPU
		{ABB6A43C-19CA-415C-A2F2-B0F988CBCCB4}.Release|Any CPU.Build.0 = Release|Any CPU
		{86FBAF19-1F3E-4767-976F-737671A7A189}.Debug|Any CPU.ActiveCfg = Debug|Any CPU
		{86FBAF19-1F3E-4767-976F-737671A7A189}.Debug|Any CPU.Build.0 = Debug|Any CPU
		{86FBAF19-1F3E-4767-976F-737671A7A189}.Release|Any CPU.ActiveCfg = Release|Any CPU
		{86FBAF19-1F3E-4767-976F-737671A7A189}.Release|Any CPU.Build.0 = Release|Any CPU
		{A486F9D8-1D08-4A45-9DE5-A92FA43B61B5}.Debug|Any CPU.ActiveCfg = Debug|Any CPU
		{A486F9D8-1D08-4A45-9DE5-A92FA43B61B5}.Debug|Any CPU.Build.0 = Debug|Any CPU
		{A486F9D8-1D08-4A45-9DE5-A92FA43B61B5}.Release|Any CPU.ActiveCfg = Release|Any CPU
		{A486F9D8-1D08-4A45-9DE5-A92FA43B61B5}.Release|Any CPU.Build.0 = Release|Any CPU
		{9732492B-A478-4EDF-901A-0153143BA312}.Debug|Any CPU.ActiveCfg = Debug|Any CPU
		{9732492B-A478-4EDF-901A-0153143BA312}.Debug|Any CPU.Build.0 = Debug|Any CPU
		{9732492B-A478-4EDF-901A-0153143BA312}.Release|Any CPU.ActiveCfg = Release|Any CPU
		{9732492B-A478-4EDF-901A-0153143BA312}.Release|Any CPU.Build.0 = Release|Any CPU
		{813EAD63-86F6-460C-AF9A-4DE8B58B663E}.Debug|Any CPU.ActiveCfg = Debug|Any CPU
		{813EAD63-86F6-460C-AF9A-4DE8B58B663E}.Debug|Any CPU.Build.0 = Debug|Any CPU
		{813EAD63-86F6-460C-AF9A-4DE8B58B663E}.Release|Any CPU.ActiveCfg = Release|Any CPU
		{813EAD63-86F6-460C-AF9A-4DE8B58B663E}.Release|Any CPU.Build.0 = Release|Any CPU
		{40EFCA5C-1718-4170-8B69-FECF3ABA06B9}.Debug|Any CPU.ActiveCfg = Debug|Any CPU
		{40EFCA5C-1718-4170-8B69-FECF3ABA06B9}.Debug|Any CPU.Build.0 = Debug|Any CPU
		{40EFCA5C-1718-4170-8B69-FECF3ABA06B9}.Release|Any CPU.ActiveCfg = Release|Any CPU
		{40EFCA5C-1718-4170-8B69-FECF3ABA06B9}.Release|Any CPU.Build.0 = Release|Any CPU
	EndGlobalSection
	GlobalSection(SolutionProperties) = preSolution
		HideSolutionNode = FALSE
	EndGlobalSection
	GlobalSection(NestedProjects) = preSolution
		{90BA095E-8CE6-41C1-8F97-7C71C46A4457} = {C078FE3A-038C-4678-9092-A075FB179AFC}
		{85109050-DB70-4565-B1C5-06407B718BED} = {C078FE3A-038C-4678-9092-A075FB179AFC}
		{774579D5-2632-4995-87FC-E11909F41D60} = {C078FE3A-038C-4678-9092-A075FB179AFC}
		{E8E368A9-0464-4339-B253-3CEC80FB6E50} = {5E5606E8-D708-4517-94AB-C67E8FC393D3}
		{2CFCC693-4586-4A43-87B8-D1AB7FD6A7C1} = {5E5606E8-D708-4517-94AB-C67E8FC393D3}
		{E749CC59-F19C-43B0-AEA8-9667F3F5460B} = {5E5606E8-D708-4517-94AB-C67E8FC393D3}
		{74CD01DE-AD79-4E68-AA61-CE00C3D6EA8C} = {0F2B6D5E-D1B5-430C-9ECE-7F84E0145EE0}
		{9B6E4E64-5AF0-4F60-B54E-C6380C195759} = {0F2B6D5E-D1B5-430C-9ECE-7F84E0145EE0}
		{0ADFE841-A7CD-4205-BC8F-3878121347E7} = {0F2B6D5E-D1B5-430C-9ECE-7F84E0145EE0}
		{ABB6A43C-19CA-415C-A2F2-B0F988CBCCB4} = {F15BFEEF-4EEE-4017-AD07-499535FC6C56}
		{86FBAF19-1F3E-4767-976F-737671A7A189} = {F15BFEEF-4EEE-4017-AD07-499535FC6C56}
		{A486F9D8-1D08-4A45-9DE5-A92FA43B61B5} = {F15BFEEF-4EEE-4017-AD07-499535FC6C56}
		{9732492B-A478-4EDF-901A-0153143BA312} = {4557BE47-E1A7-4E36-A516-E9B42CA42085}
		{813EAD63-86F6-460C-AF9A-4DE8B58B663E} = {4557BE47-E1A7-4E36-A516-E9B42CA42085}
		{40EFCA5C-1718-4170-8B69-FECF3ABA06B9} = {4557BE47-E1A7-4E36-A516-E9B42CA42085}
	EndGlobalSection
	GlobalSection(ExtensibilityGlobals) = postSolution
		SolutionGuid = {B07B28C5-8466-4134-BC7C-5EF3DC51FE5D}
	EndGlobalSection
EndGlobal
